
Microsoft Visual Studio Solution File, Format Version 12.00
# Visual Studio Version 17
VisualStudioVersion = 17.7.34221.43
MinimumVisualStudioVersion = 10.0.40219.1
Project("{FAE04EC0-301F-11D3-BF4B-00C04F79EFBC}") = "cay_verersen", "cay_verersen\cay_verersen.csproj", "{247BF04D-93BD-40C8-A2F8-70CB87841FEC}"
EndProject
Global
	GlobalSection(SolutionConfigurationPlatforms) = preSolution
		Debug|Any CPU = Debug|Any CPU
		Release|Any CPU = Release|Any CPU
	EndGlobalSection
	GlobalSection(ProjectConfigurationPlatforms) = postSolution
		{247BF04D-93BD-40C8-A2F8-70CB87841FEC}.Debug|Any CPU.ActiveCfg = Debug|Any CPU
		{247BF04D-93BD-40C8-A2F8-70CB87841FEC}.Debug|Any CPU.Build.0 = Debug|Any CPU
		{247BF04D-93BD-40C8-A2F8-70CB87841FEC}.Release|Any CPU.ActiveCfg = Release|Any CPU
		{247BF04D-93BD-40C8-A2F8-70CB87841FEC}.Release|Any CPU.Build.0 = Release|Any CPU
	EndGlobalSection
	GlobalSection(SolutionProperties) = preSolution
		HideSolutionNode = FALSE
	EndGlobalSection
	GlobalSection(ExtensibilityGlobals) = postSolution
		SolutionGuid = {1DF357F8-F4E8-4000-A271-BF32F1EE406E}
	EndGlobalSection
EndGlobal
